
Microsoft Visual Studio Solution File, Format Version 12.00
# Visual Studio Version 17
VisualStudioVersion = 17.7.34221.43
MinimumVisualStudioVersion = 10.0.40219.1
Project("{FAE04EC0-301F-11D3-BF4B-00C04F79EFBC}") = "ExamProject.Web", "ExamProject.Web\ExamProject.Web.csproj", "{4829C870-205B-4763-B9AA-27349CA083DE}"
EndProject
Project("{9A19103F-16F7-4668-BE54-9A1E7A4F7556}") = "ExamProject.API", "ExamProject.API\ExamProject.API.csproj", "{158A9A30-7112-4E4F-A2E7-C627DC72AF2B}"
EndProject
Global
	GlobalSection(SolutionConfigurationPlatforms) = preSolution
		Debug|Any CPU = Debug|Any CPU
		Release|Any CPU = Release|Any CPU
	EndGlobalSection
	GlobalSection(ProjectConfigurationPlatforms) = postSolution
		{4829C870-205B-4763-B9AA-27349CA083DE}.Debug|Any CPU.ActiveCfg = Debug|Any CPU
		{4829C870-205B-4763-B9AA-27349CA083DE}.Debug|Any CPU.Build.0 = Debug|Any CPU
		{4829C870-205B-4763-B9AA-27349CA083DE}.Release|Any CPU.ActiveCfg = Release|Any CPU
		{4829C870-205B-4763-B9AA-27349CA083DE}.Release|Any CPU.Build.0 = Release|Any CPU
		{158A9A30-7112-4E4F-A2E7-C627DC72AF2B}.Debug|Any CPU.ActiveCfg = Debug|Any CPU
		{158A9A30-7112-4E4F-A2E7-C627DC72AF2B}.Debug|Any CPU.Build.0 = Debug|Any CPU
		{158A9A30-7112-4E4F-A2E7-C627DC72AF2B}.Release|Any CPU.ActiveCfg = Release|Any CPU
		{158A9A30-7112-4E4F-A2E7-C627DC72AF2B}.Release|Any CPU.Build.0 = Release|Any CPU
	EndGlobalSection
	GlobalSection(SolutionProperties) = preSolution
		HideSolutionNode = FALSE
	EndGlobalSection
	GlobalSection(ExtensibilityGlobals) = postSolution
		SolutionGuid = {2B7861A1-E59F-4FBB-97B2-EDF7EEFF89F4}
	EndGlobalSection
EndGlobal
